
Microsoft Visual Studio Solution File, Format Version 12.00
# Visual Studio Version 17
VisualStudioVersion = 17.10.35122.118
MinimumVisualStudioVersion = 10.0.40219.1
Project("{FAE04EC0-301F-11D3-BF4B-00C04F79EFBC}") = "MoviesWeb", "MoviesWeb\MoviesWeb.csproj", "{F68FE9E5-B525-47A0-AD05-168B08BDE0B5}"
EndProject
Global
	GlobalSection(SolutionConfigurationPlatforms) = preSolution
		Debug|Any CPU = Debug|Any CPU
		Release|Any CPU = Release|Any CPU
	EndGlobalSection
	GlobalSection(ProjectConfigurationPlatforms) = postSolution
		{F68FE9E5-B525-47A0-AD05-168B08BDE0B5}.Debug|Any CPU.ActiveCfg = Debug|Any CPU
		{F68FE9E5-B525-47A0-AD05-168B08BDE0B5}.Debug|Any CPU.Build.0 = Debug|Any CPU
		{F68FE9E5-B525-47A0-AD05-168B08BDE0B5}.Release|Any CPU.ActiveCfg = Release|Any CPU
		{F68FE9E5-B525-47A0-AD05-168B08BDE0B5}.Release|Any CPU.Build.0 = Release|Any CPU
	EndGlobalSection
	GlobalSection(SolutionProperties) = preSolution
		HideSolutionNode = FALSE
	EndGlobalSection
	GlobalSection(ExtensibilityGlobals) = postSolution
		SolutionGuid = {6AE6B84C-39A6-4E8A-ABAC-276259E2CFA2}
	EndGlobalSection
EndGlobal
